{
    "_readme": [
        "This file locks the dependencies of your project to a known state",
        "Read more about it at https://getcomposer.org/doc/01-basic-usage.md#composer-lock-the-lock-file",
        "This file is @generated automatically"
    ],
    "hash": "aebd96a2565439aeff8e841ede90bae6",
    "content-hash": "5782bf1fb38632444f333c766775f316",
    "packages": [
        {
            "name": "arvenil/ninja-mutex",
            "version": "0.6.0",
            "source": {
                "type": "git",
                "url": "https://github.com/arvenil/ninja-mutex.git",
                "reference": "8c0f5d10f8fb1481b9d98488dbbe2bf84c2e1a25"
            },
            "dist": {
                "type": "zip",
                "url": "https://api.github.com/repos/arvenil/ninja-mutex/zipball/8c0f5d10f8fb1481b9d98488dbbe2bf84c2e1a25",
                "reference": "8c0f5d10f8fb1481b9d98488dbbe2bf84c2e1a25",
                "shasum": ""
            },
            "require": {
                "php": ">=5.3.0"
            },
            "require-dev": {
                "codeclimate/php-test-reporter": "0.1.*",
                "ext-memcache": "*",
                "ext-memcached": "*",
                "ext-pdo_mysql": "*",
                "ext-redis": "*",
                "mikey179/vfsstream": "1.4.* || 1.5.*",
                "predis/predis": "1.0.*",
                "scrutinizer/ocular": "1.1.*"
            },
            "suggest": {
                "ext-memcache": "Create mutex using memcache extension",
                "ext-memcached": "Create mutex using memcached extension",
                "ext-pdo_mysql": "Create mutex using MySql",
                "predis/predis": "Create mutex using Predis (client library for Redis)"
            },
            "type": "library",
            "autoload": {
                "psr-0": {
                    "NinjaMutex": "src/"
                }
            },
            "notification-url": "https://packagist.org/downloads/",
            "license": [
                "MIT"
            ],
            "authors": [
                {
                    "name": "Kamil Dziedzic",
                    "email": "arvenil@klecza.pl"
                }
            ],
            "description": "Simple to use mutex implementation that can use flock, memcache, memcached, mysql or redis for locking",
            "homepage": "https://github.com/arvenil/ninja-mutex",
            "keywords": [
                "flock",
                "lock",
                "locking",
                "memcache",
                "memcached",
                "mutex",
                "mysql",
                "redis"
            ],
            "time": "2016-05-31 13:47:32"
        }
    ],
    "packages-dev": [],
    "aliases": [],
    "minimum-stability": "dev",
    "stability-flags": [],
    "prefer-stable": true,
    "prefer-lowest": false,
    "platform": [],
    "platform-dev": []
}
